
Microsoft Visual Studio Solution File, Format Version 12.00
# Visual Studio Version 17
VisualStudioVersion = 17.5.002.0
MinimumVisualStudioVersion = 10.0.40219.1
Project("{9A19103F-16F7-4668-BE54-9A1E7A4F7556}") = "Starter", "Starter\Starter.csproj", "{C2F37A51-C447-470C-8747-7C6576D81947}"
EndProject
Project("{9A19103F-16F7-4668-BE54-9A1E7A4F7556}") = "Final", "Final\Final.csproj", "{884CA08F-A3E2-4141-B872-20896B507C4E}"
EndProject
Global
	GlobalSection(SolutionConfigurationPlatforms) = preSolution
		Debug|Any CPU = Debug|Any CPU
		Release|Any CPU = Release|Any CPU
	EndGlobalSection
	GlobalSection(ProjectConfigurationPlatforms) = postSolution
		{C2F37A51-C447-470C-8747-7C6576D81947}.Debug|Any CPU.ActiveCfg = Debug|Any CPU
		{C2F37A51-C447-470C-8747-7C6576D81947}.Debug|Any CPU.Build.0 = Debug|Any CPU
		{C2F37A51-C447-470C-8747-7C6576D81947}.Release|Any CPU.ActiveCfg = Release|Any CPU
		{C2F37A51-C447-470C-8747-7C6576D81947}.Release|Any CPU.Build.0 = Release|Any CPU
		{884CA08F-A3E2-4141-B872-20896B507C4E}.Debug|Any CPU.ActiveCfg = Debug|Any CPU
		{884CA08F-A3E2-4141-B872-20896B507C4E}.Debug|Any CPU.Build.0 = Debug|Any CPU
		{884CA08F-A3E2-4141-B872-20896B507C4E}.Release|Any CPU.ActiveCfg = Release|Any CPU
		{884CA08F-A3E2-4141-B872-20896B507C4E}.Release|Any CPU.Build.0 = Release|Any CPU
	EndGlobalSection
	GlobalSection(SolutionProperties) = preSolution
		HideSolutionNode = FALSE
	EndGlobalSection
	GlobalSection(ExtensibilityGlobals) = postSolution
		SolutionGuid = {7B8A4618-BE3A-4D22-8E5F-18084422BAAD}
	EndGlobalSection
EndGlobal
