
Microsoft Visual Studio Solution File, Format Version 12.00
# Visual Studio Version 17
VisualStudioVersion = 17.5.002.0
MinimumVisualStudioVersion = 10.0.40219.1
Project("{9A19103F-16F7-4668-BE54-9A1E7A4F7556}") = "Starter", "Starter\Starter.csproj", "{D1B25A5F-1B35-4E39-9E17-98C24A384673}"
EndProject
Project("{9A19103F-16F7-4668-BE54-9A1E7A4F7556}") = "Final", "Final\Final.csproj", "{09005308-675B-4FA5-8368-F92301552704}"
EndProject
Global
	GlobalSection(SolutionConfigurationPlatforms) = preSolution
		Debug|Any CPU = Debug|Any CPU
		Release|Any CPU = Release|Any CPU
	EndGlobalSection
	GlobalSection(ProjectConfigurationPlatforms) = postSolution
		{D1B25A5F-1B35-4E39-9E17-98C24A384673}.Debug|Any CPU.ActiveCfg = Debug|Any CPU
		{D1B25A5F-1B35-4E39-9E17-98C24A384673}.Debug|Any CPU.Build.0 = Debug|Any CPU
		{D1B25A5F-1B35-4E39-9E17-98C24A384673}.Release|Any CPU.ActiveCfg = Release|Any CPU
		{D1B25A5F-1B35-4E39-9E17-98C24A384673}.Release|Any CPU.Build.0 = Release|Any CPU
		{09005308-675B-4FA5-8368-F92301552704}.Debug|Any CPU.ActiveCfg = Debug|Any CPU
		{09005308-675B-4FA5-8368-F92301552704}.Debug|Any CPU.Build.0 = Debug|Any CPU
		{09005308-675B-4FA5-8368-F92301552704}.Release|Any CPU.ActiveCfg = Release|Any CPU
		{09005308-675B-4FA5-8368-F92301552704}.Release|Any CPU.Build.0 = Release|Any CPU
	EndGlobalSection
	GlobalSection(SolutionProperties) = preSolution
		HideSolutionNode = FALSE
	EndGlobalSection
	GlobalSection(ExtensibilityGlobals) = postSolution
		SolutionGuid = {45640349-D141-431E-867D-DAC1A43AC130}
	EndGlobalSection
EndGlobal
